// !$*UTF8*$!
{
	archiveVersion = 1;
	classes = {
	};
	objectVersion = 46;
	objects = {

/* Begin PBXBuildFile section */
		2C9F2EB81B44416200AD03BD /* AppDelegate.swift in Sources */ = {isa = PBXBuildFile; fileRef = 2C9F2EB71B44416200AD03BD /* AppDelegate.swift */; };
		2C9F2EBA1B44416200AD03BD /* ViewController.swift in Sources */ = {isa = PBXBuildFile; fileRef = 2C9F2EB91B44416200AD03BD /* ViewController.swift */; };
		2C9F2EBD1B44416200AD03BD /* Main.storyboard in Resources */ = {isa = PBXBuildFile; fileRef = 2C9F2EBB1B44416200AD03BD /* Main.storyboard */; };
		2C9F2EBF1B44416200AD03BD /* Images.xcassets in Resources */ = {isa = PBXBuildFile; fileRef = 2C9F2EBE1B44416200AD03BD /* Images.xcassets */; };
		2C9F2EC21B44416200AD03BD /* LaunchScreen.xib in Resources */ = {isa = PBXBuildFile; fileRef = 2C9F2EC01B44416200AD03BD /* LaunchScreen.xib */; };
		2C9F2ECE1B44416200AD03BD /* TransitionAppTests.swift in Sources */ = {isa = PBXBuildFile; fileRef = 2C9F2ECD1B44416200AD03BD /* TransitionAppTests.swift */; };
		2C9F2ED81B44426700AD03BD /* DetailViewController.swift in Sources */ = {isa = PBXBuildFile; fileRef = 2C9F2ED71B44426700AD03BD /* DetailViewController.swift */; };
		2C9F2EDB1B4442BF00AD03BD /* ShowImageTransition.swift in Sources */ = {isa = PBXBuildFile; fileRef = 2C9F2EDA1B4442BF00AD03BD /* ShowImageTransition.swift */; };
		2C9F2EDD1B44577800AD03BD /* DismissImageTransition.swift in Sources */ = {isa = PBXBuildFile; fileRef = 2C9F2EDC1B44577800AD03BD /* DismissImageTransition.swift */; };
/* End PBXBuildFile section */

/* Begin PBXContainerItemProxy section */
		2C9F2EC81B44416200AD03BD /* PBXContainerItemProxy */ = {
			isa = PBXContainerItemProxy;
			containerPortal = 2C9F2EAA1B44416200AD03BD /* Project object */;
			proxyType = 1;
			remoteGlobalIDString = 2C9F2EB11B44416200AD03BD;
			remoteInfo = TransitionApp;
		};
/* End PBXContainerItemProxy section */

/* Begin PBXFileReference section */
		2C9F2EB21B44416200AD03BD /* TransitionApp.app */ = {isa = PBXFileReference; explicitFileType = wrapper.application; includeInIndex = 0; path = TransitionApp.app; sourceTree = BUILT_PRODUCTS_DIR; };
		2C9F2EB61B44416200AD03BD /* Info.plist */ = {isa = PBXFileReference; lastKnownFileType = text.plist.xml; path = Info.plist; sourceTree = "<group>"; };
		2C9F2EB71B44416200AD03BD /* AppDelegate.swift */ = {isa = PBXFileReference; lastKnownFileType = sourcecode.swift; path = AppDelegate.swift; sourceTree = "<group>"; };
		2C9F2EB91B44416200AD03BD /* ViewController.swift */ = {isa = PBXFileReference; lastKnownFileType = sourcecode.swift; path = ViewController.swift; sourceTree = "<group>"; };
		2C9F2EBC1B44416200AD03BD /* Base */ = {isa = PBXFileReference; lastKnownFileType = file.storyboard; name = Base; path = Base.lproj/Main.storyboard; sourceTree = "<group>"; };
		2C9F2EBE1B44416200AD03BD /* Images.xcassets */ = {isa = PBXFileReference; lastKnownFileType = folder.assetcatalog; path = Images.xcassets; sourceTree = "<group>"; };
		2C9F2EC11B44416200AD03BD /* Base */ = {isa = PBXFileReference; lastKnownFileType = file.xib; name = Base; path = Base.lproj/LaunchScreen.xib; sourceTree = "<group>"; };
		2C9F2EC71B44416200AD03BD /* TransitionAppTests.xctest */ = {isa = PBXFileReference; explicitFileType = wrapper.cfbundle; includeInIndex = 0; path = TransitionAppTests.xctest; sourceTree = BUILT_PRODUCTS_DIR; };
		2C9F2ECC1B44416200AD03BD /* Info.plist */ = {isa = PBXFileReference; lastKnownFileType = text.plist.xml; path = Info.plist; sourceTree = "<group>"; };
		2C9F2ECD1B44416200AD03BD /* TransitionAppTests.swift */ = {isa = PBXFileReference; lastKnownFileType = sourcecode.swift; path = TransitionAppTests.swift; sourceTree = "<group>"; };
		2C9F2ED71B44426700AD03BD /* DetailViewController.swift */ = {isa = PBXFileReference; fileEncoding = 4; lastKnownFileType = sourcecode.swift; path = DetailViewController.swift; sourceTree = "<group>"; };
		2C9F2EDA1B4442BF00AD03BD /* ShowImageTransition.swift */ = {isa = PBXFileReference; fileEncoding = 4; lastKnownFileType = sourcecode.swift; path = ShowImageTransition.swift; sourceTree = "<group>"; };
		2C9F2EDC1B44577800AD03BD /* DismissImageTransition.swift */ = {isa = PBXFileReference; fileEncoding = 4; lastKnownFileType = sourcecode.swift; path = DismissImageTransition.swift; sourceTree = "<group>"; };
/* End PBXFileReference section */

/* Begin PBXFrameworksBuildPhase section */
		2C9F2EAF1B44416200AD03BD /* Frameworks */ = {
			isa = PBXFrameworksBuildPhase;
			buildActionMask = 2147483647;
			files = (
			);
			runOnlyForDeploymentPostprocessing = 0;
		};
		2C9F2EC41B44416200AD03BD /* Frameworks */ = {
			isa = PBXFrameworksBuildPhase;
			buildActionMask = 2147483647;
			files = (
			);
			runOnlyForDeploymentPostprocessing = 0;
		};
/* End PBXFrameworksBuildPhase section */

/* Begin PBXGroup section */
		2C9F2EA91B44416200AD03BD = {
			isa = PBXGroup;
			children = (
				2C9F2EB41B44416200AD03BD /* TransitionApp */,
				2C9F2ECA1B44416200AD03BD /* TransitionAppTests */,
				2C9F2EB31B44416200AD03BD /* Products */,
			);
			sourceTree = "<group>";
		};
		2C9F2EB31B44416200AD03BD /* Products */ = {
			isa = PBXGroup;
			children = (
				2C9F2EB21B44416200AD03BD /* TransitionApp.app */,
				2C9F2EC71B44416200AD03BD /* TransitionAppTests.xctest */,
			);
			name = Products;
			sourceTree = "<group>";
		};
		2C9F2EB41B44416200AD03BD /* TransitionApp */ = {
			isa = PBXGroup;
			children = (
				2C9F2EB71B44416200AD03BD /* AppDelegate.swift */,
				2C9F2EB91B44416200AD03BD /* ViewController.swift */,
				2C9F2ED71B44426700AD03BD /* DetailViewController.swift */,
				2C9F2ED91B44427900AD03BD /* NavigationControllerTransitions */,
				2C9F2EBB1B44416200AD03BD /* Main.storyboard */,
				2C9F2EBE1B44416200AD03BD /* Images.xcassets */,
				2C9F2EC01B44416200AD03BD /* LaunchScreen.xib */,
				2C9F2EB51B44416200AD03BD /* Supporting Files */,
			);
			path = TransitionApp;
			sourceTree = "<group>";
		};
		2C9F2EB51B44416200AD03BD /* Supporting Files */ = {
			isa = PBXGroup;
			children = (
				2C9F2EB61B44416200AD03BD /* Info.plist */,
			);
			name = "Supporting Files";
			sourceTree = "<group>";
		};
		2C9F2ECA1B44416200AD03BD /* TransitionAppTests */ = {
			isa = PBXGroup;
			children = (
				2C9F2ECD1B44416200AD03BD /* TransitionAppTests.swift */,
				2C9F2ECB1B44416200AD03BD /* Supporting Files */,
			);
			path = TransitionAppTests;
			sourceTree = "<group>";
		};
		2C9F2ECB1B44416200AD03BD /* Supporting Files */ = {
			isa = PBXGroup;
			children = (
				2C9F2ECC1B44416200AD03BD /* Info.plist */,
			);
			name = "Supporting Files";
			sourceTree = "<group>";
		};
		2C9F2ED91B44427900AD03BD /* NavigationControllerTransitions */ = {
			isa = PBXGroup;
			children = (
				2C9F2EDA1B4442BF00AD03BD /* ShowImageTransition.swift */,
				2C9F2EDC1B44577800AD03BD /* DismissImageTransition.swift */,
			);
			name = NavigationControllerTransitions;
			sourceTree = "<group>";
		};
/* End PBXGroup section */

/* Begin PBXNativeTarget section */
		2C9F2EB11B44416200AD03BD /* TransitionApp */ = {
			isa = PBXNativeTarget;
			buildConfigurationList = 2C9F2ED11B44416200AD03BD /* Build configuration list for PBXNativeTarget "TransitionApp" */;
			buildPhases = (
				2C9F2EAE1B44416200AD03BD /* Sources */,
				2C9F2EAF1B44416200AD03BD /* Frameworks */,
				2C9F2EB01B44416200AD03BD /* Resources */,
			);
			buildRules = (
			);
			dependencies = (
			);
			name = TransitionApp;
			productName = TransitionApp;
			productReference = 2C9F2EB21B44416200AD03BD /* TransitionApp.app */;
			productType = "com.apple.product-type.application";
		};
		2C9F2EC61B44416200AD03BD /* TransitionAppTests */ = {
			isa = PBXNativeTarget;
			buildConfigurationList = 2C9F2ED41B44416200AD03BD /* Build configuration list for PBXNativeTarget "TransitionAppTests" */;
			buildPhases = (
				2C9F2EC31B44416200AD03BD /* Sources */,
				2C9F2EC41B44416200AD03BD /* Frameworks */,
				2C9F2EC51B44416200AD03BD /* Resources */,
			);
			buildRules = (
			);
			dependencies = (
				2C9F2EC91B44416200AD03BD /* PBXTargetDependency */,
			);
			name = TransitionAppTests;
			productName = TransitionAppTests;
			productReference = 2C9F2EC71B44416200AD03BD /* TransitionAppTests.xctest */;
			productType = "com.apple.product-type.bundle.unit-test";
		};
/* End PBXNativeTarget section */

/* Begin PBXProject section */
		2C9F2EAA1B44416200AD03BD /* Project object */ = {
			isa = PBXProject;
			attributes = {
				LastUpgradeCheck = 0640;
				ORGANIZATIONNAME = "WOO Yu Kit";
				TargetAttributes = {
					2C9F2EB11B44416200AD03BD = {
						CreatedOnToolsVersion = 6.4;
					};
					2C9F2EC61B44416200AD03BD = {
						CreatedOnToolsVersion = 6.4;
						TestTargetID = 2C9F2EB11B44416200AD03BD;
					};
				};
			};
			buildConfigurationList = 2C9F2EAD1B44416200AD03BD /* Build configuration list for PBXProject "TransitionApp" */;
			compatibilityVersion = "Xcode 3.2";
			developmentRegion = English;
			hasScannedForEncodings = 0;
			knownRegions = (
				en,
				Base,
			);
			mainGroup = 2C9F2EA91B44416200AD03BD;
			productRefGroup = 2C9F2EB31B44416200AD03BD /* Products */;
			projectDirPath = "";
			projectRoot = "";
			targets = (
				2C9F2EB11B44416200AD03BD /* TransitionApp */,
				2C9F2EC61B44416200AD03BD /* TransitionAppTests */,
			);
		};
/* End PBXProject section */

/* Begin PBXResourcesBuildPhase section */
		2C9F2EB01B44416200AD03BD /* Resources */ = {
			isa = PBXResourcesBuildPhase;
			buildActionMask = 2147483647;
			files = (
				2C9F2EBD1B44416200AD03BD /* Main.storyboard in Resources */,
				2C9F2EC21B44416200AD03BD /* LaunchScreen.xib in Resources */,
				2C9F2EBF1B44416200AD03BD /* Images.xcassets in Resources */,
			);
			runOnlyForDeploymentPostprocessing = 0;
		};
		2C9F2EC51B44416200AD03BD /* Resources */ = {
			isa = PBXResourcesBuildPhase;
			buildActionMask = 2147483647;
			files = (
			);
			runOnlyForDeploymentPostprocessing = 0;
		};
/* End PBXResourcesBuildPhase section */

/* Begin PBXSourcesBuildPhase section */
		2C9F2EAE1B44416200AD03BD /* Sources */ = {
			isa = PBXSourcesBuildPhase;
			buildActionMask = 2147483647;
			files = (
				2C9F2ED81B44426700AD03BD /* DetailViewController.swift in Sources */,
				2C9F2EBA1B44416200AD03BD /* ViewController.swift in Sources */,
				2C9F2EB81B44416200AD03BD /* AppDelegate.swift in Sources */,
				2C9F2EDB1B4442BF00AD03BD /* ShowImageTransition.swift in Sources */,
				2C9F2EDD1B44577800AD03BD /* DismissImageTransition.swift in Sources */,
			);
			runOnlyForDeploymentPostprocessing = 0;
		};
		2C9F2EC31B44416200AD03BD /* Sources */ = {
			isa = PBXSourcesBuildPhase;
			buildActionMask = 2147483647;
			files = (
				2C9F2ECE1B44416200AD03BD /* TransitionAppTests.swift in Sources */,
			);
			runOnlyForDeploymentPostprocessing = 0;
		};
/* End PBXSourcesBuildPhase section */

/* Begin PBXTargetDependency section */
		2C9F2EC91B44416200AD03BD /* PBXTargetDependency */ = {
			isa = PBXTargetDependency;
			target = 2C9F2EB11B44416200AD03BD /* TransitionApp */;
			targetProxy = 2C9F2EC81B44416200AD03BD /* PBXContainerItemProxy */;
		};
/* End PBXTargetDependency section */

/* Begin PBXVariantGroup section */
		2C9F2EBB1B44416200AD03BD /* Main.storyboard */ = {
			isa = PBXVariantGroup;
			children = (
				2C9F2EBC1B44416200AD03BD /* Base */,
			);
			name = Main.storyboard;
			sourceTree = "<group>";
		};
		2C9F2EC01B44416200AD03BD /* LaunchScreen.xib */ = {
			isa = PBXVariantGroup;
			children = (
				2C9F2EC11B44416200AD03BD /* Base */,
			);
			name = LaunchScreen.xib;
			sourceTree = "<group>";
		};
/* End PBXVariantGroup section */

/* Begin XCBuildConfiguration section */
		2C9F2ECF1B44416200AD03BD /* Debug */ = {
			isa = XCBuildConfiguration;
			buildSettings = {
				ALWAYS_SEARCH_USER_PATHS = NO;
				CLANG_CXX_LANGUAGE_STANDARD = "gnu++0x";
				CLANG_CXX_LIBRARY = "libc++";
				CLANG_ENABLE_MODULES = YES;
				CLANG_ENABLE_OBJC_ARC = YES;
				CLANG_WARN_BOOL_CONVERSION = YES;
				CLANG_WARN_CONSTANT_CONVERSION = YES;
				CLANG_WARN_DIRECT_OBJC_ISA_USAGE = YES_ERROR;
				CLANG_WARN_EMPTY_BODY = YES;
				CLANG_WARN_ENUM_CONVERSION = YES;
				CLANG_WARN_INT_CONVERSION = YES;
				CLANG_WARN_OBJC_ROOT_CLASS = YES_ERROR;
				CLANG_WARN_UNREACHABLE_CODE = YES;
				CLANG_WARN__DUPLICATE_METHOD_MATCH = YES;
				"CODE_SIGN_IDENTITY[sdk=iphoneos*]" = "iPhone Developer";
				COPY_PHASE_STRIP = NO;
				DEBUG_INFORMATION_FORMAT = "dwarf-with-dsym";
				ENABLE_STRICT_OBJC_MSGSEND = YES;
				GCC_C_LANGUAGE_STANDARD = gnu99;
				GCC_DYNAMIC_NO_PIC = NO;
				GCC_NO_COMMON_BLOCKS = YES;
				GCC_OPTIMIZATION_LEVEL = 0;
				GCC_PREPROCESSOR_DEFINITIONS = (
					"DEBUG=1",
					"$(inherited)",
				);
				GCC_SYMBOLS_PRIVATE_EXTERN = NO;
				GCC_WARN_64_TO_32_BIT_CONVERSION = YES;
				GCC_WARN_ABOUT_RETURN_TYPE = YES_ERROR;
				GCC_WARN_UNDECLARED_SELECTOR = YES;
				GCC_WARN_UNINITIALIZED_AUTOS = YES_AGGRESSIVE;
				GCC_WARN_UNUSED_FUNCTION = YES;
				GCC_WARN_UNUSED_VARIABLE = YES;
				IPHONEOS_DEPLOYMENT_TARGET = 8.4;
				MTL_ENABLE_DEBUG_INFO = YES;
				ONLY_ACTIVE_ARCH = YES;
				SDKROOT = iphoneos;
				SWIFT_OPTIMIZATION_LEVEL = "-Onone";
				TARGETED_DEVICE_FAMILY = "1,2";
			};
			name = Debug;
		};
		2C9F2ED01B44416200AD03BD /* Release */ = {
			isa = XCBuildConfiguration;
			buildSettings = {
				ALWAYS_SEARCH_USER_PATHS = NO;
				CLANG_CXX_LANGUAGE_STANDARD = "gnu++0x";
				CLANG_CXX_LIBRARY = "libc++";
				CLANG_ENABLE_MODULES = YES;
				CLANG_ENABLE_OBJC_ARC = YES;
				CLANG_WARN_BOOL_CONVERSION = YES;
				CLANG_WARN_CONSTANT_CONVERSION = YES;
				CLANG_WARN_DIRECT_OBJC_ISA_USAGE = YES_ERROR;
				CLANG_WARN_EMPTY_BODY = YES;
				CLANG_WARN_ENUM_CONVERSION = YES;
				CLANG_WARN_INT_CONVERSION = YES;
				CLANG_WARN_OBJC_ROOT_CLASS = YES_ERROR;
				CLANG_WARN_UNREACHABLE_CODE = YES;
				CLANG_WARN__DUPLICATE_METHOD_MATCH = YES;
				"CODE_SIGN_IDENTITY[sdk=iphoneos*]" = "iPhone Developer";
				COPY_PHASE_STRIP = NO;
				DEBUG_INFORMATION_FORMAT = "dwarf-with-dsym";
				ENABLE_NS_ASSERTIONS = NO;
				ENABLE_STRICT_OBJC_MSGSEND = YES;
				GCC_C_LANGUAGE_STANDARD = gnu99;
				GCC_NO_COMMON_BLOCKS = YES;
				GCC_WARN_64_TO_32_BIT_CONVERSION = YES;
				GCC_WARN_ABOUT_RETURN_TYPE = YES_ERROR;
				GCC_WARN_UNDECLARED_SELECTOR = YES;
				GCC_WARN_UNINITIALIZED_AUTOS = YES_AGGRESSIVE;
				GCC_WARN_UNUSED_FUNCTION = YES;
				GCC_WARN_UNUSED_VARIABLE = YES;
				IPHONEOS_DEPLOYMENT_TARGET = 8.4;
				MTL_ENABLE_DEBUG_INFO = NO;
				SDKROOT = iphoneos;
				TARGETED_DEVICE_FAMILY = "1,2";
				VALIDATE_PRODUCT = YES;
			};
			name = Release;
		};
		2C9F2ED21B44416200AD03BD /* Debug */ = {
			isa = XCBuildConfiguration;
			buildSettings = {
				ASSETCATALOG_COMPILER_APPICON_NAME = AppIcon;
				INFOPLIST_FILE = TransitionApp/Info.plist;
				LD_RUNPATH_SEARCH_PATHS = "$(inherited) @executable_path/Frameworks";
				PRODUCT_NAME = "$(TARGET_NAME)";
			};
			name = Debug;
		};
		2C9F2ED31B44416200AD03BD /* Release */ = {
			isa = XCBuildConfiguration;
			buildSettings = {
				ASSETCATALOG_COMPILER_APPICON_NAME = AppIcon;
				INFOPLIST_FILE = TransitionApp/Info.plist;
				LD_RUNPATH_SEARCH_PATHS = "$(inherited) @executable_path/Frameworks";
				PRODUCT_NAME = "$(TARGET_NAME)";
			};
			name = Release;
		};
		2C9F2ED51B44416200AD03BD /* Debug */ = {
			isa = XCBuildConfiguration;
			buildSettings = {
				BUNDLE_LOADER = "$(TEST_HOST)";
				FRAMEWORK_SEARCH_PATHS = (
					"$(SDKROOT)/Developer/Library/Frameworks",
					"$(inherited)",
				);
				GCC_PREPROCESSOR_DEFINITIONS = (
					"DEBUG=1",
					"$(inherited)",
				);
				INFOPLIST_FILE = TransitionAppTests/Info.plist;
				LD_RUNPATH_SEARCH_PATHS = "$(inherited) @executable_path/Frameworks @loader_path/Frameworks";
				PRODUCT_NAME = "$(TARGET_NAME)";
				TEST_HOST = "$(BUILT_PRODUCTS_DIR)/TransitionApp.app/TransitionApp";
			};
			name = Debug;
		};
		2C9F2ED61B44416200AD03BD /* Release */ = {
			isa = XCBuildConfiguration;
			buildSettings = {
				BUNDLE_LOADER = "$(TEST_HOST)";
				FRAMEWORK_SEARCH_PATHS = (
					"$(SDKROOT)/Developer/Library/Frameworks",
					"$(inherited)",
				);
				INFOPLIST_FILE = TransitionAppTests/Info.plist;
				LD_RUNPATH_SEARCH_PATHS = "$(inherited) @executable_path/Frameworks @loader_path/Frameworks";
				PRODUCT_NAME = "$(TARGET_NAME)";
				TEST_HOST = "$(BUILT_PRODUCTS_DIR)/TransitionApp.app/TransitionApp";
			};
			name = Release;
		};
/* End XCBuildConfiguration section */

/* Begin XCConfigurationList section */
		2C9F2EAD1B44416200AD03BD /* Build configuration list for PBXProject "TransitionApp" */ = {
			isa = XCConfigurationList;
			buildConfigurations = (
				2C9F2ECF1B44416200AD03BD /* Debug */,
				2C9F2ED01B44416200AD03BD /* Release */,
			);
			defaultConfigurationIsVisible = 0;
			defaultConfigurationName = Release;
		};
		2C9F2ED11B44416200AD03BD /* Build configuration list for PBXNativeTarget "TransitionApp" */ = {
			isa = XCConfigurationList;
			buildConfigurations = (
				2C9F2ED21B44416200AD03BD /* Debug */,
				2C9F2ED31B44416200AD03BD /* Release */,
			);
			defaultConfigurationIsVisible = 0;
			defaultConfigurationName = Release;
		};
		2C9F2ED41B44416200AD03BD /* Build configuration list for PBXNativeTarget "TransitionAppTests" */ = {
			isa = XCConfigurationList;
			buildConfigurations = (
				2C9F2ED51B44416200AD03BD /* Debug */,
				2C9F2ED61B44416200AD03BD /* Release */,
			);
			defaultConfigurationIsVisible = 0;
			defaultConfigurationName = Release;
		};
/* End XCConfigurationList section */
	};
	rootObject = 2C9F2EAA1B44416200AD03BD /* Project object */;
}
